hash: 3e9226b948f9dccfd0ae765484094cc9bb642906f8466f0ecfc0014f461a1fd6
updated: 2019-07-11T13:33:27.557258763+01:00
imports:
- name: github.com/alecthomas/kingpin
  version: 947dcec5ba9c011838740e680966fd7087a71d0d
- name: github.com/alecthomas/template
  version: a0175ee3bccc567396460bf5acd36800cb10c49c
  subpackages:
  - parse
- name: github.com/alecthomas/units
  version: 2efee857e7cfd4f3d0138cc3cbb1b4966962b93a
- name: github.com/clwilliams/tlCommonMessaging
  version: 4c055d4698d27cffd6e8c6a83e4eccc7f7b6c5bf
  subpackages:
  - rabbitMQ
- name: github.com/gorilla/handlers
  version: 415c4810185c26aa35ca0315470d77697000794b
- name: github.com/gorilla/mux
  version: 00bdffe0f3c77e27d2cf6f5c70232a2d3e4d9c15
- name: github.com/konsorten/go-windows-terminal-sequences
  version: 5c8c8bd35d3832f5d134ae1e1e375b69a4d25242
- name: github.com/mailru/easyjson
  version: 1de009706dbeb9d05f18586f0735fcdb7c524481
  subpackages:
  - buffer
  - jlexer
  - jwriter
- name: github.com/olivere/elastic
  version: 2ce6dee3af14e17dc059746a1de4f983169030e9
  subpackages:
  - config
  - uritemplates
- name: github.com/pkg/errors
  version: ba968bfe8b2f7e042a574c888954fccecfa385b4
- name: github.com/rs/zerolog
  version: acf3980132bfcdc48638724e6e3d9e5749b85999
  subpackages:
  - internal/cbor
  - internal/json
  - log
- name: github.com/sirupsen/logrus
  version: 839c75faf7f98a33d445d181f3018b5c3409a45e
- name: github.com/streadway/amqp
  version: 75d898a42a940fbc854dfd1a4199eabdc00cf024
- name: golang.org/x/sys
  version: f49334f85ddcf0f08d7fb6dd7363e9e6d6b777eb
  subpackages:
  - unix
testImports: []
